github.com/codegangsta/inject v0.0.0-20150114235600-33e0aa1cb7c0 h1:sDMmm+q/3+BukdIpxwO365v/Rbspp2Nt5XntgQRXq8Q=
github.com/codegangsta/inject v0.0.0-20150114235600-33e0aa1cb7c0/go.mod h1:4Zcjuz89kmFXt9morQgcfYZAYZ5n8WHjt81YYWIwtTM=
github.com/codeskyblue/go-sh v0.0.0-20190412065543-76bd3d59ff27 h1:HHUr4P/aKh4quafGxDT9LDasjGdlGkzLbfmmrlng3kA=
github.com/codeskyblue/go-sh v0.0.0-20190412065543-76bd3d59ff27/go.mod h1:VQx0hjo2oUeQkQUET7wRwradO6f+fN5jzXgB/zROxxE=
github.com/dokku/dokku v0.15.5 h1:whu7dReNwQnWorQ3ifEgDEFmgkR8+lzAyeXMlKinpLo=
github.com/dokku/dokku v0.15.5/go.mod h1:1ZyZbgNahwtPoIeWpzVYxb3vHDO4WxIgOt9/3OYyzjs=
github.com/happenslol/dokku-webhooks v0.0.0-20190427220558-7b44132fbbcd h1:Sa4vg6OcbYjsdchQmbOGF/R2VRzisxoC/3nCWyXChT4=
github.com/ryanuber/columnize v2.1.0+incompatible h1:j1Wcmh8OrK4Q7GXY+V7SVSY8nUWQxHW5TkBe7YUl+2s=
github.com/ryanuber/columnize v2.1.0+incompatible/go.mod h1:sm1tb6uqfes/u+d4ooFouqFdy9/2g9QGwK3SQygK0Ts=
