github.com/boltdb/bolt v1.3.1 h1:JQmyP4ZBrce+ZQu0dY660FMfatumYDLun9hBCUVIkF4=
github.com/boltdb/bolt v1.3.1/go.mod h1:clJnj/oiGkjum5o1McbSZDSLxVThjynRyGBgiAx27Ps=
github.com/codegangsta/inject v0.0.0-20150114235600-33e0aa1cb7c0 h1:sDMmm+q/3+BukdIpxwO365v/Rbspp2Nt5XntgQRXq8Q=
github.com/codegangsta/inject v0.0.0-20150114235600-33e0aa1cb7c0/go.mod h1:4Zcjuz89kmFXt9morQgcfYZAYZ5n8WHjt81YYWIwtTM=
github.com/codeskyblue/go-sh v0.0.0-20190412065543-76bd3d59ff27 h1:HHUr4P/aKh4quafGxDT9LDasjGdlGkzLbfmmrlng3kA=
github.com/codeskyblue/go-sh v0.0.0-20190412065543-76bd3d59ff27/go.mod h1:VQx0hjo2oUeQkQUET7wRwradO6f+fN5jzXgB/zROxxE=
github.com/dokku/dokku v0.15.5 h1:whu7dReNwQnWorQ3ifEgDEFmgkR8+lzAyeXMlKinpLo=
github.com/dokku/dokku v0.15.5/go.mod h1:1ZyZbgNahwtPoIeWpzVYxb3vHDO4WxIgOt9/3OYyzjs=
github.com/go-chi/chi v4.0.2+incompatible h1:maB6vn6FqCxrpz4FqWdh4+lwpyZIQS7YEAUcHlgXVRs=
github.com/go-chi/chi v4.0.2+incompatible/go.mod h1:eB3wogJHnLi3x/kFX2A+IbTBlXxmMeXJVKy9tTv1XzQ=
github.com/happenslol/dokku-webhooks v0.0.0-20190428141958-d6405954c835 h1:CnQ5tpp02VY4dpx/i7MPNaRQKVx7TrA4o6ixEKmXHuo=
golang.org/x/crypto v0.0.0-20190308221718-c2843e01d9a2/go.mod h1:djNgcEr1/C05ACkg1iLfiJU5Ep61QUkGW8qpdssI0+w=
golang.org/x/crypto v0.0.0-20190422171913-f8560614bab0 h1:061EwQCVvS7A6bBYtUZDNSvWFmnZqWBUC78CiqFHbfc=
golang.org/x/crypto v0.0.0-20190422171913-f8560614bab0/go.mod h1:yigFU9vqHzYiE8UmvKecakEJjdnWj3jj499lnFckfCI=
golang.org/x/net v0.0.0-20190404232315-eb5bcb51f2a3/go.mod h1:t9HGtf8HONx5eT2rtn7q6eTqICYqUVnKs3thJo3Qplg=
golang.org/x/sys v0.0.0-20190215142949-d0b11bdaac8a/go.mod h1:STP8DvDyc/dI5b8T5hshtkjS+E42TnysNCUPdjciGhY=
golang.org/x/sys v0.0.0-20190412213103-97732733099d/go.mod h1:h1NjWce9XRLGQEsW7wpKNCjG9DtNlClVuFLEZdDNbEs=
golang.org/x/text v0.3.0/go.mod h1:NqM8EUOU14njkJ3fqMW+pc6Ldnwhi/IjpwHt7yyuwOQ=
